
Microsoft Visual Studio Solution File, Format Version 11.00
# Visual Studio 2010
Project("{FAE04EC0-301F-11D3-BF4B-00C04F79EFBC}") = "Couch-Coop", "Assembly-CSharp.csproj", "{3583E901-5917-A48D-931F-4E8D83DA873B}"
EndProject
Project("{FAE04EC0-301F-11D3-BF4B-00C04F79EFBC}") = "Couch-Coop", "Assembly-CSharp-Editor.csproj", "{0C9D8157-110C-A544-97F5-8C2EA240F31B}"
EndProject
Global
	GlobalSection(SolutionConfigurationPlatforms) = preSolution
		Debug|Any CPU = Debug|Any CPU
		Release|Any CPU = Release|Any CPU
	EndGlobalSection
	GlobalSection(ProjectConfigurationPlatforms) = postSolution
		{3583E901-5917-A48D-931F-4E8D83DA873B}.Debug|Any CPU.ActiveCfg = Debug|Any CPU
		{3583E901-5917-A48D-931F-4E8D83DA873B}.Debug|Any CPU.Build.0 = Debug|Any CPU
		{3583E901-5917-A48D-931F-4E8D83DA873B}.Release|Any CPU.ActiveCfg = Release|Any CPU
		{3583E901-5917-A48D-931F-4E8D83DA873B}.Release|Any CPU.Build.0 = Release|Any CPU
		{0C9D8157-110C-A544-97F5-8C2EA240F31B}.Debug|Any CPU.ActiveCfg = Debug|Any CPU
		{0C9D8157-110C-A544-97F5-8C2EA240F31B}.Debug|Any CPU.Build.0 = Debug|Any CPU
		{0C9D8157-110C-A544-97F5-8C2EA240F31B}.Release|Any CPU.ActiveCfg = Release|Any CPU
		{0C9D8157-110C-A544-97F5-8C2EA240F31B}.Release|Any CPU.Build.0 = Release|Any CPU
	EndGlobalSection
	GlobalSection(SolutionProperties) = preSolution
		HideSolutionNode = FALSE
	EndGlobalSection
	GlobalSection(MonoDevelopProperties) = preSolution
		StartupItem = Assembly-CSharp.csproj
	EndGlobalSection
EndGlobal
